
Microsoft Visual Studio Solution File, Format Version 12.00
# Visual Studio Version 17
VisualStudioVersion = 17.10.35013.160
MinimumVisualStudioVersion = 10.0.40219.1
Project("{FAE04EC0-301F-11D3-BF4B-00C04F79EFBC}") = "03 If Else Istebrek", "03 If Else Istebrek\03 If Else Istebrek.csproj", "{3548BF87-DA35-4D13-9C90-DBB2A6E27D8D}"
EndProject
Global
	GlobalSection(SolutionConfigurationPlatforms) = preSolution
		Debug|Any CPU = Debug|Any CPU
		Release|Any CPU = Release|Any CPU
	EndGlobalSection
	GlobalSection(ProjectConfigurationPlatforms) = postSolution
		{3548BF87-DA35-4D13-9C90-DBB2A6E27D8D}.Debug|Any CPU.ActiveCfg = Debug|Any CPU
		{3548BF87-DA35-4D13-9C90-DBB2A6E27D8D}.Debug|Any CPU.Build.0 = Debug|Any CPU
		{3548BF87-DA35-4D13-9C90-DBB2A6E27D8D}.Release|Any CPU.ActiveCfg = Release|Any CPU
		{3548BF87-DA35-4D13-9C90-DBB2A6E27D8D}.Release|Any CPU.Build.0 = Release|Any CPU
	EndGlobalSection
	GlobalSection(SolutionProperties) = preSolution
		HideSolutionNode = FALSE
	EndGlobalSection
	GlobalSection(ExtensibilityGlobals) = postSolution
		SolutionGuid = {081EBDF1-C62F-4282-847B-0F737CE68526}
	EndGlobalSection
EndGlobal
